
Microsoft Visual Studio Solution File, Format Version 12.00
# Visual Studio Version 16
VisualStudioVersion = 16.0.31515.178
MinimumVisualStudioVersion = 10.0.40219.1
Project("{FAE04EC0-301F-11D3-BF4B-00C04F79EFBC}") = "Data-Catalogue", "Data-Catalogue\Data-Catalogue.csproj", "{113A4A9E-F8BA-46F5-B705-D531B56F02D4}"
EndProject
Global
	GlobalSection(SolutionConfigurationPlatforms) = preSolution
		Debug|Any CPU = Debug|Any CPU
		Release|Any CPU = Release|Any CPU
	EndGlobalSection
	GlobalSection(ProjectConfigurationPlatforms) = postSolution
		{113A4A9E-F8BA-46F5-B705-D531B56F02D4}.Debug|Any CPU.ActiveCfg = Debug|Any CPU
		{113A4A9E-F8BA-46F5-B705-D531B56F02D4}.Debug|Any CPU.Build.0 = Debug|Any CPU
		{113A4A9E-F8BA-46F5-B705-D531B56F02D4}.Release|Any CPU.ActiveCfg = Release|Any CPU
		{113A4A9E-F8BA-46F5-B705-D531B56F02D4}.Release|Any CPU.Build.0 = Release|Any CPU
	EndGlobalSection
	GlobalSection(SolutionProperties) = preSolution
		HideSolutionNode = FALSE
	EndGlobalSection
	GlobalSection(ExtensibilityGlobals) = postSolution
		SolutionGuid = {EC9C202E-5FAA-4D74-9A2F-A24D8307BED9}
	EndGlobalSection
EndGlobal
